
Microsoft Visual Studio Solution File, Format Version 12.00
# Visual Studio Version 16
VisualStudioVersion = 16.0.30503.244
MinimumVisualStudioVersion = 10.0.40219.1
Project("{9A19103F-16F7-4668-BE54-9A1E7A4F7556}") = "EldaCPRFirstAidTraining", "EldaCPRFirstAidTraining\EldaCPRFirstAidTraining.csproj", "{2AF858EF-5568-4F6B-86DA-790C0945DD76}"
EndProject
Global
	GlobalSection(SolutionConfigurationPlatforms) = preSolution
		Debug|Any CPU = Debug|Any CPU
		Release|Any CPU = Release|Any CPU
	EndGlobalSection
	GlobalSection(ProjectConfigurationPlatforms) = postSolution
		{2AF858EF-5568-4F6B-86DA-790C0945DD76}.Debug|Any CPU.ActiveCfg = Debug|Any CPU
		{2AF858EF-5568-4F6B-86DA-790C0945DD76}.Debug|Any CPU.Build.0 = Debug|Any CPU
		{2AF858EF-5568-4F6B-86DA-790C0945DD76}.Release|Any CPU.ActiveCfg = Release|Any CPU
		{2AF858EF-5568-4F6B-86DA-790C0945DD76}.Release|Any CPU.Build.0 = Release|Any CPU
	EndGlobalSection
	GlobalSection(SolutionProperties) = preSolution
		HideSolutionNode = FALSE
	EndGlobalSection
	GlobalSection(ExtensibilityGlobals) = postSolution
		SolutionGuid = {C8C4EA23-9EF3-4CC6-8F70-EE1A0D3FB821}
	EndGlobalSection
EndGlobal
